
Microsoft Visual Studio Solution File, Format Version 12.00
# Visual Studio Version 16
VisualStudioVersion = 16.0.31702.278
MinimumVisualStudioVersion = 10.0.40219.1
Project("{888888A0-9F3D-457C-B088-3A5042F75D52}") = "Homework 7", "Homework 7\Homework 7.pyproj", "{D310EFED-4CDC-472A-8F38-0FC89523FA3D}"
EndProject
Global
	GlobalSection(SolutionConfigurationPlatforms) = preSolution
		Debug|Any CPU = Debug|Any CPU
		Release|Any CPU = Release|Any CPU
	EndGlobalSection
	GlobalSection(ProjectConfigurationPlatforms) = postSolution
		{D310EFED-4CDC-472A-8F38-0FC89523FA3D}.Debug|Any CPU.ActiveCfg = Debug|Any CPU
		{D310EFED-4CDC-472A-8F38-0FC89523FA3D}.Release|Any CPU.ActiveCfg = Release|Any CPU
	EndGlobalSection
	GlobalSection(SolutionProperties) = preSolution
		HideSolutionNode = FALSE
	EndGlobalSection
	GlobalSection(ExtensibilityGlobals) = postSolution
		SolutionGuid = {C5946274-B0A4-43A6-B3D4-FB65DC9BE652}
	EndGlobalSection
EndGlobal
